{
  "name": "@gbkel/gitorm",
  "version": "0.0.1",
  "lockfileVersion": 1,
  "requires": true,
  "dependencies": {
    "vpdate": {
      "version": "0.1.1",
      "resolved": "https://registry.npmjs.org/vpdate/-/vpdate-0.1.1.tgz",
      "integrity": "sha512-IxbuQKL0SBXWXjmDqe3gBMj8TdlYpEPL0ChDDPLAOdS4ljLu/wFyzj6RfUUTsxhwE0ESBG7MmBpSOTPUOBXEEw==",
      "dev": true
    }
  }
}
